// !$*UTF8*$!
{
	archiveVersion = 1;
	classes = {
	};
	objectVersion = 46;
	objects = {

/* Begin PBXBuildFile section */
		50462148193DCB8D00FBEAF9 /* main.m in Sources */ = {isa = PBXBuildFile; fileRef = 50462147193DCB8D00FBEAF9 /* main.m */; };
		5046214B193DCB8D00FBEAF9 /* AppDelegate.m in Sources */ = {isa = PBXBuildFile; fileRef = 5046214A193DCB8D00FBEAF9 /* AppDelegate.m */; };
		5046214E193DCB8D00FBEAF9 /* ViewController.m in Sources */ = {isa = PBXBuildFile; fileRef = 5046214D193DCB8D00FBEAF9 /* ViewController.m */; };
		50462151193DCB8D00FBEAF9 /* Main.storyboard in Resources */ = {isa = PBXBuildFile; fileRef = 5046214F193DCB8D00FBEAF9 /* Main.storyboard */; };
		50462153193DCB8D00FBEAF9 /* Images.xcassets in Resources */ = {isa = PBXBuildFile; fileRef = 50462152193DCB8D00FBEAF9 /* Images.xcassets */; };
		5046215F193DCB8D00FBEAF9 /* SimpleTests.m in Sources */ = {isa = PBXBuildFile; fileRef = 5046215E193DCB8D00FBEAF9 /* SimpleTests.m */; };
		5046216A193DCBE700FBEAF9 /* simple.swift in Sources */ = {isa = PBXBuildFile; fileRef = 50462169193DCBE700FBEAF9 /* simple.swift */; };
		5046216C193DCDC700FBEAF9 /* SecondViewController.swift in Sources */ = {isa = PBXBuildFile; fileRef = 5046216B193DCDC700FBEAF9 /* SecondViewController.swift */; };
/* End PBXBuildFile section */

/* Begin PBXContainerItemProxy section */
		50462159193DCB8D00FBEAF9 /* PBXContainerItemProxy */ = {
			isa = PBXContainerItemProxy;
			containerPortal = 5046213A193DCB8D00FBEAF9 /* Project object */;
			proxyType = 1;
			remoteGlobalIDString = 50462141193DCB8D00FBEAF9;
			remoteInfo = Simple;
		};
/* End PBXContainerItemProxy section */

/* Begin PBXFileReference section */
		50462142193DCB8D00FBEAF9 /* Simple.app */ = {isa = PBXFileReference; explicitFileType = wrapper.application; includeInIndex = 0; path = Simple.app; sourceTree = BUILT_PRODUCTS_DIR; };
		50462146193DCB8D00FBEAF9 /* Info.plist */ = {isa = PBXFileReference; lastKnownFileType = text.plist.xml; path = Info.plist; sourceTree = "<group>"; };
		50462147193DCB8D00FBEAF9 /* main.m */ = {isa = PBXFileReference; lastKnownFileType = sourcecode.c.objc; path = main.m; sourceTree = "<group>"; };
		50462149193DCB8D00FBEAF9 /* AppDelegate.h */ = {isa = PBXFileReference; lastKnownFileType = sourcecode.c.h; path = AppDelegate.h; sourceTree = "<group>"; };
		5046214A193DCB8D00FBEAF9 /* AppDelegate.m */ = {isa = PBXFileReference; lastKnownFileType = sourcecode.c.objc; path = AppDelegate.m; sourceTree = "<group>"; };
		5046214C193DCB8D00FBEAF9 /* ViewController.h */ = {isa = PBXFileReference; lastKnownFileType = sourcecode.c.h; path = ViewController.h; sourceTree = "<group>"; };
		5046214D193DCB8D00FBEAF9 /* ViewController.m */ = {isa = PBXFileReference; lastKnownFileType = sourcecode.c.objc; path = ViewController.m; sourceTree = "<group>"; };
		50462150193DCB8D00FBEAF9 /* Base */ = {isa = PBXFileReference; lastKnownFileType = file.storyboard; name = Base; path = Base.lproj/Main.storyboard; sourceTree = "<group>"; };
		50462152193DCB8D00FBEAF9 /* Images.xcassets */ = {isa = PBXFileReference; lastKnownFileType = folder.assetcatalog; path = Images.xcassets; sourceTree = "<group>"; };
		50462158193DCB8D00FBEAF9 /* SimpleTests.xctest */ = {isa = PBXFileReference; explicitFileType = wrapper.cfbundle; includeInIndex = 0; path = SimpleTests.xctest; sourceTree = BUILT_PRODUCTS_DIR; };
		5046215D193DCB8D00FBEAF9 /* Info.plist */ = {isa = PBXFileReference; lastKnownFileType = text.plist.xml; path = Info.plist; sourceTree = "<group>"; };
		5046215E193DCB8D00FBEAF9 /* SimpleTests.m */ = {isa = PBXFileReference; lastKnownFileType = sourcecode.c.objc; path = SimpleTests.m; sourceTree = "<group>"; };
		50462168193DCBE700FBEAF9 /* Simple-Bridging-Header.h */ = {isa = PBXFileReference; lastKnownFileType = sourcecode.c.h; path = "Simple-Bridging-Header.h"; sourceTree = "<group>"; };
		50462169193DCBE700FBEAF9 /* simple.swift */ = {isa = PBXFileReference; fileEncoding = 4; lastKnownFileType = sourcecode.swift; path = simple.swift; sourceTree = "<group>"; };
		5046216B193DCDC700FBEAF9 /* SecondViewController.swift */ = {isa = PBXFileReference; fileEncoding = 4; lastKnownFileType = sourcecode.swift; path = SecondViewController.swift; sourceTree = "<group>"; };
/* End PBXFileReference section */

/* Begin PBXFrameworksBuildPhase section */
		5046213F193DCB8D00FBEAF9 /* Frameworks */ = {
			isa = PBXFrameworksBuildPhase;
			buildActionMask = 2147483647;
			files = (
			);
			runOnlyForDeploymentPostprocessing = 0;
		};
		50462155193DCB8D00FBEAF9 /* Frameworks */ = {
			isa = PBXFrameworksBuildPhase;
			buildActionMask = 2147483647;
			files = (
			);
			runOnlyForDeploymentPostprocessing = 0;
		};
/* End PBXFrameworksBuildPhase section */

/* Begin PBXGroup section */
		50462139193DCB8D00FBEAF9 = {
			isa = PBXGroup;
			children = (
				50462144193DCB8D00FBEAF9 /* Simple */,
				5046215B193DCB8D00FBEAF9 /* SimpleTests */,
				50462143193DCB8D00FBEAF9 /* Products */,
			);
			sourceTree = "<group>";
		};
		50462143193DCB8D00FBEAF9 /* Products */ = {
			isa = PBXGroup;
			children = (
				50462142193DCB8D00FBEAF9 /* Simple.app */,
				50462158193DCB8D00FBEAF9 /* SimpleTests.xctest */,
			);
			name = Products;
			sourceTree = "<group>";
		};
		50462144193DCB8D00FBEAF9 /* Simple */ = {
			isa = PBXGroup;
			children = (
				50462149193DCB8D00FBEAF9 /* AppDelegate.h */,
				5046214A193DCB8D00FBEAF9 /* AppDelegate.m */,
				5046214C193DCB8D00FBEAF9 /* ViewController.h */,
				5046214D193DCB8D00FBEAF9 /* ViewController.m */,
				5046214F193DCB8D00FBEAF9 /* Main.storyboard */,
				50462169193DCBE700FBEAF9 /* simple.swift */,
				5046216B193DCDC700FBEAF9 /* SecondViewController.swift */,
				50462152193DCB8D00FBEAF9 /* Images.xcassets */,
				50462145193DCB8D00FBEAF9 /* Supporting Files */,
				50462168193DCBE700FBEAF9 /* Simple-Bridging-Header.h */,
			);
			path = Simple;
			sourceTree = "<group>";
		};
		50462145193DCB8D00FBEAF9 /* Supporting Files */ = {
			isa = PBXGroup;
			children = (
				50462146193DCB8D00FBEAF9 /* Info.plist */,
				50462147193DCB8D00FBEAF9 /* main.m */,
			);
			name = "Supporting Files";
			sourceTree = "<group>";
		};
		5046215B193DCB8D00FBEAF9 /* SimpleTests */ = {
			isa = PBXGroup;
			children = (
				5046215E193DCB8D00FBEAF9 /* SimpleTests.m */,
				5046215C193DCB8D00FBEAF9 /* Supporting Files */,
			);
			path = SimpleTests;
			sourceTree = "<group>";
		};
		5046215C193DCB8D00FBEAF9 /* Supporting Files */ = {
			isa = PBXGroup;
			children = (
				5046215D193DCB8D00FBEAF9 /* Info.plist */,
			);
			name = "Supporting Files";
			sourceTree = "<group>";
		};
/* End PBXGroup section */

/* Begin PBXNativeTarget section */
		50462141193DCB8D00FBEAF9 /* Simple */ = {
			isa = PBXNativeTarget;
			buildConfigurationList = 50462162193DCB8D00FBEAF9 /* Build configuration list for PBXNativeTarget "Simple" */;
			buildPhases = (
				5046213E193DCB8D00FBEAF9 /* Sources */,
				5046213F193DCB8D00FBEAF9 /* Frameworks */,
				50462140193DCB8D00FBEAF9 /* Resources */,
			);
			buildRules = (
			);
			dependencies = (
			);
			name = Simple;
			productName = Simple;
			productReference = 50462142193DCB8D00FBEAF9 /* Simple.app */;
			productType = "com.apple.product-type.application";
		};
		50462157193DCB8D00FBEAF9 /* SimpleTests */ = {
			isa = PBXNativeTarget;
			buildConfigurationList = 50462165193DCB8D00FBEAF9 /* Build configuration list for PBXNativeTarget "SimpleTests" */;
			buildPhases = (
				50462154193DCB8D00FBEAF9 /* Sources */,
				50462155193DCB8D00FBEAF9 /* Frameworks */,
				50462156193DCB8D00FBEAF9 /* Resources */,
			);
			buildRules = (
			);
			dependencies = (
				5046215A193DCB8D00FBEAF9 /* PBXTargetDependency */,
			);
			name = SimpleTests;
			productName = SimpleTests;
			productReference = 50462158193DCB8D00FBEAF9 /* SimpleTests.xctest */;
			productType = "com.apple.product-type.bundle.unit-test";
		};
/* End PBXNativeTarget section */

/* Begin PBXProject section */
		5046213A193DCB8D00FBEAF9 /* Project object */ = {
			isa = PBXProject;
			attributes = {
				LastUpgradeCheck = 0600;
				ORGANIZATIONNAME = "Max Lee";
				TargetAttributes = {
					50462141193DCB8D00FBEAF9 = {
						CreatedOnToolsVersion = 6.0;
					};
					50462157193DCB8D00FBEAF9 = {
						CreatedOnToolsVersion = 6.0;
						TestTargetID = 50462141193DCB8D00FBEAF9;
					};
				};
			};
			buildConfigurationList = 5046213D193DCB8D00FBEAF9 /* Build configuration list for PBXProject "Simple" */;
			compatibilityVersion = "Xcode 3.2";
			developmentRegion = English;
			hasScannedForEncodings = 0;
			knownRegions = (
				en,
				Base,
			);
			mainGroup = 50462139193DCB8D00FBEAF9;
			productRefGroup = 50462143193DCB8D00FBEAF9 /* Products */;
			projectDirPath = "";
			projectRoot = "";
			targets = (
				50462141193DCB8D00FBEAF9 /* Simple */,
				50462157193DCB8D00FBEAF9 /* SimpleTests */,
			);
		};
/* End PBXProject section */

/* Begin PBXResourcesBuildPhase section */
		50462140193DCB8D00FBEAF9 /* Resources */ = {
			isa = PBXResourcesBuildPhase;
			buildActionMask = 2147483647;
			files = (
				50462151193DCB8D00FBEAF9 /* Main.storyboard in Resources */,
				50462153193DCB8D00FBEAF9 /* Images.xcassets in Resources */,
			);
			runOnlyForDeploymentPostprocessing = 0;
		};
		50462156193DCB8D00FBEAF9 /* Resources */ = {
			isa = PBXResourcesBuildPhase;
			buildActionMask = 2147483647;
			files = (
			);
			runOnlyForDeploymentPostprocessing = 0;
		};
/* End PBXResourcesBuildPhase section */

/* Begin PBXSourcesBuildPhase section */
		5046213E193DCB8D00FBEAF9 /* Sources */ = {
			isa = PBXSourcesBuildPhase;
			buildActionMask = 2147483647;
			files = (
				5046214E193DCB8D00FBEAF9 /* ViewController.m in Sources */,
				5046216A193DCBE700FBEAF9 /* simple.swift in Sources */,
				5046214B193DCB8D00FBEAF9 /* AppDelegate.m in Sources */,
				5046216C193DCDC700FBEAF9 /* SecondViewController.swift in Sources */,
				50462148193DCB8D00FBEAF9 /* main.m in Sources */,
			);
			runOnlyForDeploymentPostprocessing = 0;
		};
		50462154193DCB8D00FBEAF9 /* Sources */ = {
			isa = PBXSourcesBuildPhase;
			buildActionMask = 2147483647;
			files = (
				5046215F193DCB8D00FBEAF9 /* SimpleTests.m in Sources */,
			);
			runOnlyForDeploymentPostprocessing = 0;
		};
/* End PBXSourcesBuildPhase section */

/* Begin PBXTargetDependency section */
		5046215A193DCB8D00FBEAF9 /* PBXTargetDependency */ = {
			isa = PBXTargetDependency;
			target = 50462141193DCB8D00FBEAF9 /* Simple */;
			targetProxy = 50462159193DCB8D00FBEAF9 /* PBXContainerItemProxy */;
		};
/* End PBXTargetDependency section */

/* Begin PBXVariantGroup section */
		5046214F193DCB8D00FBEAF9 /* Main.storyboard */ = {
			isa = PBXVariantGroup;
			children = (
				50462150193DCB8D00FBEAF9 /* Base */,
			);
			name = Main.storyboard;
			sourceTree = "<group>";
		};
/* End PBXVariantGroup section */

/* Begin XCBuildConfiguration section */
		50462160193DCB8D00FBEAF9 /* Debug */ = {
			isa = XCBuildConfiguration;
			buildSettings = {
				ALWAYS_SEARCH_USER_PATHS = NO;
				CLANG_CXX_LANGUAGE_STANDARD = "gnu++0x";
				CLANG_CXX_LIBRARY = "libc++";
				CLANG_ENABLE_MODULES = YES;
				CLANG_ENABLE_OBJC_ARC = YES;
				CLANG_WARN_BOOL_CONVERSION = YES;
				CLANG_WARN_CONSTANT_CONVERSION = YES;
				CLANG_WARN_DIRECT_OBJC_ISA_USAGE = YES_ERROR;
				CLANG_WARN_EMPTY_BODY = YES;
				CLANG_WARN_ENUM_CONVERSION = YES;
				CLANG_WARN_INT_CONVERSION = YES;
				CLANG_WARN_OBJC_ROOT_CLASS = YES_ERROR;
				CLANG_WARN_UNREACHABLE_CODE = YES;
				CLANG_WARN__DUPLICATE_METHOD_MATCH = YES;
				"CODE_SIGN_IDENTITY[sdk=iphoneos*]" = "iPhone Developer";
				COPY_PHASE_STRIP = NO;
				ENABLE_STRICT_OBJC_MSGSEND = YES;
				GCC_C_LANGUAGE_STANDARD = gnu99;
				GCC_DYNAMIC_NO_PIC = NO;
				GCC_OPTIMIZATION_LEVEL = 0;
				GCC_PREPROCESSOR_DEFINITIONS = (
					"DEBUG=1",
					"$(inherited)",
				);
				GCC_SYMBOLS_PRIVATE_EXTERN = NO;
				GCC_WARN_64_TO_32_BIT_CONVERSION = YES;
				GCC_WARN_ABOUT_RETURN_TYPE = YES_ERROR;
				GCC_WARN_UNDECLARED_SELECTOR = YES;
				GCC_WARN_UNINITIALIZED_AUTOS = YES_AGGRESSIVE;
				GCC_WARN_UNUSED_FUNCTION = YES;
				GCC_WARN_UNUSED_VARIABLE = YES;
				IPHONEOS_DEPLOYMENT_TARGET = 8.0;
				METAL_ENABLE_DEBUG_INFO = YES;
				ONLY_ACTIVE_ARCH = YES;
				SDKROOT = iphoneos;
			};
			name = Debug;
		};
		50462161193DCB8D00FBEAF9 /* Release */ = {
			isa = XCBuildConfiguration;
			buildSettings = {
				ALWAYS_SEARCH_USER_PATHS = NO;
				CLANG_CXX_LANGUAGE_STANDARD = "gnu++0x";
				CLANG_CXX_LIBRARY = "libc++";
				CLANG_ENABLE_MODULES = YES;
				CLANG_ENABLE_OBJC_ARC = YES;
				CLANG_WARN_BOOL_CONVERSION = YES;
				CLANG_WARN_CONSTANT_CONVERSION = YES;
				CLANG_WARN_DIRECT_OBJC_ISA_USAGE = YES_ERROR;
				CLANG_WARN_EMPTY_BODY = YES;
				CLANG_WARN_ENUM_CONVERSION = YES;
				CLANG_WARN_INT_CONVERSION = YES;
				CLANG_WARN_OBJC_ROOT_CLASS = YES_ERROR;
				CLANG_WARN_UNREACHABLE_CODE = YES;
				CLANG_WARN__DUPLICATE_METHOD_MATCH = YES;
				"CODE_SIGN_IDENTITY[sdk=iphoneos*]" = "iPhone Developer";
				COPY_PHASE_STRIP = YES;
				ENABLE_NS_ASSERTIONS = NO;
				ENABLE_STRICT_OBJC_MSGSEND = YES;
				GCC_C_LANGUAGE_STANDARD = gnu99;
				GCC_WARN_64_TO_32_BIT_CONVERSION = YES;
				GCC_WARN_ABOUT_RETURN_TYPE = YES_ERROR;
				GCC_WARN_UNDECLARED_SELECTOR = YES;
				GCC_WARN_UNINITIALIZED_AUTOS = YES_AGGRESSIVE;
				GCC_WARN_UNUSED_FUNCTION = YES;
				GCC_WARN_UNUSED_VARIABLE = YES;
				IPHONEOS_DEPLOYMENT_TARGET = 8.0;
				METAL_ENABLE_DEBUG_INFO = NO;
				SDKROOT = iphoneos;
				VALIDATE_PRODUCT = YES;
			};
			name = Release;
		};
		50462163193DCB8D00FBEAF9 /* Debug */ = {
			isa = XCBuildConfiguration;
			buildSettings = {
				ASSETCATALOG_COMPILER_APPICON_NAME = AppIcon;
				ASSETCATALOG_COMPILER_LAUNCHIMAGE_NAME = LaunchImage;
				CLANG_ENABLE_MODULES = YES;
				INFOPLIST_FILE = Simple/Info.plist;
				IPHONEOS_DEPLOYMENT_TARGET = 6.0;
				LD_RUNPATH_SEARCH_PATHS = "$(inherited) @executable_path/Frameworks";
				PRODUCT_NAME = "$(TARGET_NAME)";
				SWIFT_OBJC_BRIDGING_HEADER = "Simple/Simple-Bridging-Header.h";
				SWIFT_OPTIMIZATION_LEVEL = "-Onone";
			};
			name = Debug;
		};
		50462164193DCB8D00FBEAF9 /* Release */ = {
			isa = XCBuildConfiguration;
			buildSettings = {
				ASSETCATALOG_COMPILER_APPICON_NAME = AppIcon;
				ASSETCATALOG_COMPILER_LAUNCHIMAGE_NAME = LaunchImage;
				CLANG_ENABLE_MODULES = YES;
				INFOPLIST_FILE = Simple/Info.plist;
				IPHONEOS_DEPLOYMENT_TARGET = 6.0;
				LD_RUNPATH_SEARCH_PATHS = "$(inherited) @executable_path/Frameworks";
				PRODUCT_NAME = "$(TARGET_NAME)";
				SWIFT_OBJC_BRIDGING_HEADER = "Simple/Simple-Bridging-Header.h";
			};
			name = Release;
		};
		50462166193DCB8D00FBEAF9 /* Debug */ = {
			isa = XCBuildConfiguration;
			buildSettings = {
				BUNDLE_LOADER = "$(BUILT_PRODUCTS_DIR)/Simple.app/Simple";
				FRAMEWORK_SEARCH_PATHS = (
					"$(SDKROOT)/Developer/Library/Frameworks",
					"$(inherited)",
				);
				GCC_PREPROCESSOR_DEFINITIONS = (
					"DEBUG=1",
					"$(inherited)",
				);
				INFOPLIST_FILE = SimpleTests/Info.plist;
				LD_RUNPATH_SEARCH_PATHS = "$(inherited) @executable_path/Frameworks @loader_path/Frameworks";
				METAL_ENABLE_DEBUG_INFO = YES;
				PRODUCT_NAME = "$(TARGET_NAME)";
				TEST_HOST = "$(BUNDLE_LOADER)";
			};
			name = Debug;
		};
		50462167193DCB8D00FBEAF9 /* Release */ = {
			isa = XCBuildConfiguration;
			buildSettings = {
				BUNDLE_LOADER = "$(BUILT_PRODUCTS_DIR)/Simple.app/Simple";
				FRAMEWORK_SEARCH_PATHS = (
					"$(SDKROOT)/Developer/Library/Frameworks",
					"$(inherited)",
				);
				INFOPLIST_FILE = SimpleTests/Info.plist;
				LD_RUNPATH_SEARCH_PATHS = "$(inherited) @executable_path/Frameworks @loader_path/Frameworks";
				METAL_ENABLE_DEBUG_INFO = NO;
				PRODUCT_NAME = "$(TARGET_NAME)";
				TEST_HOST = "$(BUNDLE_LOADER)";
			};
			name = Release;
		};
/* End XCBuildConfiguration section */

/* Begin XCConfigurationList section */
		5046213D193DCB8D00FBEAF9 /* Build configuration list for PBXProject "Simple" */ = {
			isa = XCConfigurationList;
			buildConfigurations = (
				50462160193DCB8D00FBEAF9 /* Debug */,
				50462161193DCB8D00FBEAF9 /* Release */,
			);
			defaultConfigurationIsVisible = 0;
			defaultConfigurationName = Release;
		};
		50462162193DCB8D00FBEAF9 /* Build configuration list for PBXNativeTarget "Simple" */ = {
			isa = XCConfigurationList;
			buildConfigurations = (
				50462163193DCB8D00FBEAF9 /* Debug */,
				50462164193DCB8D00FBEAF9 /* Release */,
			);
			defaultConfigurationIsVisible = 0;
			defaultConfigurationName = Release;
		};
		50462165193DCB8D00FBEAF9 /* Build configuration list for PBXNativeTarget "SimpleTests" */ = {
			isa = XCConfigurationList;
			buildConfigurations = (
				50462166193DCB8D00FBEAF9 /* Debug */,
				50462167193DCB8D00FBEAF9 /* Release */,
			);
			defaultConfigurationIsVisible = 0;
			defaultConfigurationName = Release;
		};
/* End XCConfigurationList section */
	};
	rootObject = 5046213A193DCB8D00FBEAF9 /* Project object */;
}
